
Microsoft Visual Studio Solution File, Format Version 12.00
Project("{FAE04EC0-301F-11D3-BF4B-00C04F79EFBC}") = "ConsoleCommander", "ConsoleCommander\ConsoleCommander.csproj", "{86D06E95-3181-454E-9691-5FA8D54DE0A9}"
EndProject
Project("{FAE04EC0-301F-11D3-BF4B-00C04F79EFBC}") = "FuncCore", "FuncCore\FuncCore.csproj", "{705A2F29-2EDB-4764-ADF7-42C348B78B9B}"
EndProject
Global
	GlobalSection(SolutionConfigurationPlatforms) = preSolution
		Debug|Any CPU = Debug|Any CPU
		Release|Any CPU = Release|Any CPU
	EndGlobalSection
	GlobalSection(ProjectConfigurationPlatforms) = postSolution
		{86D06E95-3181-454E-9691-5FA8D54DE0A9}.Debug|Any CPU.ActiveCfg = Debug|Any CPU
		{86D06E95-3181-454E-9691-5FA8D54DE0A9}.Debug|Any CPU.Build.0 = Debug|Any CPU
		{86D06E95-3181-454E-9691-5FA8D54DE0A9}.Release|Any CPU.ActiveCfg = Release|Any CPU
		{86D06E95-3181-454E-9691-5FA8D54DE0A9}.Release|Any CPU.Build.0 = Release|Any CPU
		{705A2F29-2EDB-4764-ADF7-42C348B78B9B}.Debug|Any CPU.ActiveCfg = Debug|Any CPU
		{705A2F29-2EDB-4764-ADF7-42C348B78B9B}.Debug|Any CPU.Build.0 = Debug|Any CPU
		{705A2F29-2EDB-4764-ADF7-42C348B78B9B}.Release|Any CPU.ActiveCfg = Release|Any CPU
		{705A2F29-2EDB-4764-ADF7-42C348B78B9B}.Release|Any CPU.Build.0 = Release|Any CPU
	EndGlobalSection
EndGlobal
